// !$*UTF8*$!
{
	archiveVersion = 1;
	classes = {
	};
	objectVersion = 45;
	objects = {

/* Begin PBXBuildFile section */
		8D11072D0486CEB800E47090 /* main.m in Sources */ = {isa = PBXBuildFile; fileRef = 29B97316FDCFA39411CA2CEA /* main.m */; settings = {ATTRIBUTES = (); }; };
		8D11072F0486CEB800E47090 /* Cocoa.framework in Frameworks */ = {isa = PBXBuildFile; fileRef = 1058C7A1FEA54F0111CA2CBB /* Cocoa.framework */; };
		A3005F0E124A2B75001CE9AC /* comments_down.png in Resources */ = {isa = PBXBuildFile; fileRef = A3005EFB124A2B75001CE9AC /* comments_down.png */; };
		A3005F0F124A2B75001CE9AC /* comments.png in Resources */ = {isa = PBXBuildFile; fileRef = A3005EFC124A2B75001CE9AC /* comments.png */; };
		A3005F10124A2B75001CE9AC /* compose.png in Resources */ = {isa = PBXBuildFile; fileRef = A3005EFD124A2B75001CE9AC /* compose.png */; };
		A3005F11124A2B75001CE9AC /* direct_down.png in Resources */ = {isa = PBXBuildFile; fileRef = A3005EFE124A2B75001CE9AC /* direct_down.png */; };
		A3005F12124A2B75001CE9AC /* direct.png in Resources */ = {isa = PBXBuildFile; fileRef = A3005EFF124A2B75001CE9AC /* direct.png */; };
		A3005F15124A2B75001CE9AC /* geotag_down.png in Resources */ = {isa = PBXBuildFile; fileRef = A3005F02124A2B75001CE9AC /* geotag_down.png */; };
		A3005F16124A2B75001CE9AC /* geotag.png in Resources */ = {isa = PBXBuildFile; fileRef = A3005F03124A2B75001CE9AC /* geotag.png */; };
		A3005F17124A2B75001CE9AC /* home_down.png in Resources */ = {isa = PBXBuildFile; fileRef = A3005F04124A2B75001CE9AC /* home_down.png */; };
		A3005F18124A2B75001CE9AC /* home.png in Resources */ = {isa = PBXBuildFile; fileRef = A3005F05124A2B75001CE9AC /* home.png */; };
		A3005F1E124A2B75001CE9AC /* shrink.png in Resources */ = {isa = PBXBuildFile; fileRef = A3005F0B124A2B75001CE9AC /* shrink.png */; };
		A3005F1F124A2B75001CE9AC /* star_down.png in Resources */ = {isa = PBXBuildFile; fileRef = A3005F0C124A2B75001CE9AC /* star_down.png */; };
		A3005F20124A2B75001CE9AC /* star.png in Resources */ = {isa = PBXBuildFile; fileRef = A3005F0D124A2B75001CE9AC /* star.png */; };
		A3005F23124A2D0F001CE9AC /* mentions_down.png in Resources */ = {isa = PBXBuildFile; fileRef = A3005F21124A2D0F001CE9AC /* mentions_down.png */; };
		A3005F24124A2D0F001CE9AC /* mentions.png in Resources */ = {isa = PBXBuildFile; fileRef = A3005F22124A2D0F001CE9AC /* mentions.png */; };
		A316D5B412786E3600A3D987 /* NSWindowAdditions.h in Headers */ = {isa = PBXBuildFile; fileRef = A316D5B212786E3600A3D987 /* NSWindowAdditions.h */; };
		A316D5B512786E3600A3D987 /* NSWindowAdditions.m in Sources */ = {isa = PBXBuildFile; fileRef = A316D5B312786E3600A3D987 /* NSWindowAdditions.m */; };
		A31D7117129EBA0100385EEC /* GeneralPrefsPanel.h in Headers */ = {isa = PBXBuildFile; fileRef = A31D7115129EBA0100385EEC /* GeneralPrefsPanel.h */; };
		A31D711B129EBB3000385EEC /* Accounts.tiff in Resources */ = {isa = PBXBuildFile; fileRef = A31D7119129EBB3000385EEC /* Accounts.tiff */; };
		A31D711C129EBB3000385EEC /* generalPrefs.tiff in Resources */ = {isa = PBXBuildFile; fileRef = A31D711A129EBB3000385EEC /* generalPrefs.tiff */; };
		A31D711F129EBB5400385EEC /* AccountPrefsPanel.h in Headers */ = {isa = PBXBuildFile; fileRef = A31D711D129EBB5400385EEC /* AccountPrefsPanel.h */; };
		A31D7137129EBF8900385EEC /* MenuController.h in Headers */ = {isa = PBXBuildFile; fileRef = A31D7135129EBF8900385EEC /* MenuController.h */; };
		A31D7138129EBF8900385EEC /* MenuController.m in Sources */ = {isa = PBXBuildFile; fileRef = A31D7136129EBF8900385EEC /* MenuController.m */; };
		A326B04A12F6BB66007F0CE1 /* PathController.h in Headers */ = {isa = PBXBuildFile; fileRef = A326B04812F6BB66007F0CE1 /* PathController.h */; };
		A326B04B12F6BB66007F0CE1 /* PathController.m in Sources */ = {isa = PBXBuildFile; fileRef = A326B04912F6BB66007F0CE1 /* PathController.m */; };
		A33380481298E1E00033FCCF /* ImagePanelController.h in Headers */ = {isa = PBXBuildFile; fileRef = A33380461298E1E00033FCCF /* ImagePanelController.h */; };
		A33380491298E1E00033FCCF /* ImagePanelController.m in Sources */ = {isa = PBXBuildFile; fileRef = A33380471298E1E00033FCCF /* ImagePanelController.m */; };
		A333804C1298E2780033FCCF /* ImagePanel.xib in Resources */ = {isa = PBXBuildFile; fileRef = A333804B1298E2780033FCCF /* ImagePanel.xib */; };
		A349695A12D9EFF300D7D1C9 /* ScrollOffset.h in Headers */ = {isa = PBXBuildFile; fileRef = A349695812D9EFF300D7D1C9 /* ScrollOffset.h */; };
		A349695B12D9EFF300D7D1C9 /* ScrollOffset.m in Sources */ = {isa = PBXBuildFile; fileRef = A349695912D9EFF300D7D1C9 /* ScrollOffset.m */; };
		A349695E12D9F04900D7D1C9 /* PathItem.h in Headers */ = {isa = PBXBuildFile; fileRef = A349695C12D9F04900D7D1C9 /* PathItem.h */; };
		A349695F12D9F04900D7D1C9 /* PathItem.m in Sources */ = {isa = PBXBuildFile; fileRef = A349695D12D9F04900D7D1C9 /* PathItem.m */; };
		A34D033D1275BC7300CA1996 /* TemplateEngine.h in Headers */ = {isa = PBXBuildFile; fileRef = A34D033B1275BC7300CA1996 /* TemplateEngine.h */; };
		A34D033E1275BC7300CA1996 /* TemplateEngine.m in Sources */ = {isa = PBXBuildFile; fileRef = A34D033C1275BC7300CA1996 /* TemplateEngine.m */; };
		A34E48501271D2B9000B2B5D /* AIURLAdditions.m in Sources */ = {isa = PBXBuildFile; fileRef = A34E484F1271D2B9000B2B5D /* AIURLAdditions.m */; };
		A35280B912E1514700FE1BBE /* dot.png in Resources */ = {isa = PBXBuildFile; fileRef = A35280B812E1514700FE1BBE /* dot.png */; };
		A354C0171249CC810055FB8F /* NSDataAdditions.m in Sources */ = {isa = PBXBuildFile; fileRef = A354BFF21249CC810055FB8F /* NSDataAdditions.m */; };
		A354C0181249CC810055FB8F /* NSStringAdditions.m in Sources */ = {isa = PBXBuildFile; fileRef = A354BFF41249CC810055FB8F /* NSStringAdditions.m */; };
		A354C0191249CC810055FB8F /* NSURLAdditions.m in Sources */ = {isa = PBXBuildFile; fileRef = A354BFF61249CC810055FB8F /* NSURLAdditions.m */; };
		A354C01A1249CC810055FB8F /* ComposeController.m in Sources */ = {isa = PBXBuildFile; fileRef = A354BFF91249CC810055FB8F /* ComposeController.m */; };
		A354C01B1249CC810055FB8F /* HTMLController.m in Sources */ = {isa = PBXBuildFile; fileRef = A354BFFB1249CC810055FB8F /* HTMLController.m */; };
		A354C01C1249CC810055FB8F /* LoginWindowController.m in Sources */ = {isa = PBXBuildFile; fileRef = A354BFFD1249CC810055FB8F /* LoginWindowController.m */; };
		A354C01D1249CC810055FB8F /* MainWindowController.m in Sources */ = {isa = PBXBuildFile; fileRef = A354BFFF1249CC810055FB8F /* MainWindowController.m */; };
		A354C01E1249CC810055FB8F /* NSObject+SBJSON.m in Sources */ = {isa = PBXBuildFile; fileRef = A354C0031249CC810055FB8F /* NSObject+SBJSON.m */; };
		A354C01F1249CC810055FB8F /* NSString+SBJSON.m in Sources */ = {isa = PBXBuildFile; fileRef = A354C0051249CC810055FB8F /* NSString+SBJSON.m */; };
		A354C0201249CC810055FB8F /* SBJsonBase.m in Sources */ = {isa = PBXBuildFile; fileRef = A354C0071249CC810055FB8F /* SBJsonBase.m */; };
		A354C0211249CC810055FB8F /* SBJsonParser.m in Sources */ = {isa = PBXBuildFile; fileRef = A354C0091249CC810055FB8F /* SBJsonParser.m */; };
		A354C0221249CC810055FB8F /* SBJsonWriter.m in Sources */ = {isa = PBXBuildFile; fileRef = A354C00B1249CC810055FB8F /* SBJsonWriter.m */; };
		A354C0231249CC810055FB8F /* WeiboConnector.m in Sources */ = {isa = PBXBuildFile; fileRef = A354C00F1249CC810055FB8F /* WeiboConnector.m */; };
		A354C0241249CC810055FB8F /* AccountController.m in Sources */ = {isa = PBXBuildFile; fileRef = A354C0111249CC810055FB8F /* AccountController.m */; };
		A354C0261249CC810055FB8F /* WeiboURLConnection.m in Sources */ = {isa = PBXBuildFile; fileRef = A354C0161249CC810055FB8F /* WeiboURLConnection.m */; };
		A354C0851249D1840055FB8F /* AppDelegate.m in Sources */ = {isa = PBXBuildFile; fileRef = A354C0841249D1840055FB8F /* AppDelegate.m */; };
		A354C2731249D1FD0055FB8F /* Bubble-Info.plist in Resources */ = {isa = PBXBuildFile; fileRef = A354C2721249D1FD0055FB8F /* Bubble-Info.plist */; };
		A354C30A1249D86C0055FB8F /* InfoPlist.strings in Resources */ = {isa = PBXBuildFile; fileRef = A354C2DA1249D86C0055FB8F /* InfoPlist.strings */; };
		A354C30B1249D86C0055FB8F /* MainMenu.xib in Resources */ = {isa = PBXBuildFile; fileRef = A354C2DC1249D86C0055FB8F /* MainMenu.xib */; };
		A3592138124A00F400DC2622 /* Compose.xib in Resources */ = {isa = PBXBuildFile; fileRef = A3592135124A00F400DC2622 /* Compose.xib */; };
		A3592139124A00F400DC2622 /* LoginWindow.xib in Resources */ = {isa = PBXBuildFile; fileRef = A3592136124A00F400DC2622 /* LoginWindow.xib */; };
		A359213A124A00F400DC2622 /* MainWindow.xib in Resources */ = {isa = PBXBuildFile; fileRef = A3592137124A00F400DC2622 /* MainWindow.xib */; };
		A35983FC12B0F598008E1C43 /* WeiboAccount.h in Headers */ = {isa = PBXBuildFile; fileRef = A35983FA12B0F598008E1C43 /* WeiboAccount.h */; };
		A35983FD12B0F598008E1C43 /* WeiboAccount.m in Sources */ = {isa = PBXBuildFile; fileRef = A35983FB12B0F598008E1C43 /* WeiboAccount.m */; };
		A35FAB38129EA4E400225E3B /* SS_PreferencePaneProtocol.h in Headers */ = {isa = PBXBuildFile; fileRef = A35FAB35129EA4E400225E3B /* SS_PreferencePaneProtocol.h */; };
		A35FAB39129EA4E400225E3B /* SS_PrefsController.h in Headers */ = {isa = PBXBuildFile; fileRef = A35FAB36129EA4E400225E3B /* SS_PrefsController.h */; };
		A35FAB3A129EA4E400225E3B /* SS_PrefsController.m in Sources */ = {isa = PBXBuildFile; fileRef = A35FAB37129EA4E400225E3B /* SS_PrefsController.m */; };
		A3922BFF12AD55BD000F4480 /* AccountEditorController.h in Headers */ = {isa = PBXBuildFile; fileRef = A3922B2712AD4E5F000F4480 /* AccountEditorController.h */; };
		A3922C0012AD55BD000F4480 /* AccountEditorController.m in Sources */ = {isa = PBXBuildFile; fileRef = A3922B2812AD4E5F000F4480 /* AccountEditorController.m */; };
		A3922C0212AD55CB000F4480 /* AccountEditor.xib in Resources */ = {isa = PBXBuildFile; fileRef = A392292912AD2EF2000F4480 /* AccountEditor.xib */; };
		A3922C4212AD594F000F4480 /* AccountPrefsView.xib in Resources */ = {isa = PBXBuildFile; fileRef = A31D7130129EBDAA00385EEC /* AccountPrefsView.xib */; };
		A3922C4312AD595A000F4480 /* GeneralPrefsView.xib in Resources */ = {isa = PBXBuildFile; fileRef = A31D7111129EB90E00385EEC /* GeneralPrefsView.xib */; };
		A3922C4412AD5968000F4480 /* GeneralPrefsPanel.m in Sources */ = {isa = PBXBuildFile; fileRef = A31D7116129EBA0100385EEC /* GeneralPrefsPanel.m */; };
		A3922C4512AD5973000F4480 /* AccountPrefsPanel.m in Sources */ = {isa = PBXBuildFile; fileRef = A31D711E129EBB5400385EEC /* AccountPrefsPanel.m */; };
		A3A5ECF212B3A1F300024C50 /* AdvancedPrefsPanel.h in Headers */ = {isa = PBXBuildFile; fileRef = A3A5ECF012B3A1F300024C50 /* AdvancedPrefsPanel.h */; };
		A3A5ECF312B3A1F300024C50 /* AdvancedPrefsPanel.m in Sources */ = {isa = PBXBuildFile; fileRef = A3A5ECF112B3A1F300024C50 /* AdvancedPrefsPanel.m */; };
		A3A5ECF712B3A4CC00024C50 /* AdvancedPrefsView.xib in Resources */ = {isa = PBXBuildFile; fileRef = A3A5ECF612B3A4CC00024C50 /* AdvancedPrefsView.xib */; };
		A3B6087E128700970085ECB1 /* AppGrowl.h in Headers */ = {isa = PBXBuildFile; fileRef = A3B6087C128700970085ECB1 /* AppGrowl.h */; };
		A3B6087F128700970085ECB1 /* AppGrowl.m in Sources */ = {isa = PBXBuildFile; fileRef = A3B6087D128700970085ECB1 /* AppGrowl.m */; };
		A3B608AF1287061A0085ECB1 /* Growl.framework in Frameworks */ = {isa = PBXBuildFile; fileRef = A3B608AE1287061A0085ECB1 /* Growl.framework */; };
		A3C24B81127DA8A600D9E39D /* WeiboFilters.h in Headers */ = {isa = PBXBuildFile; fileRef = A3C24B7F127DA8A600D9E39D /* WeiboFilters.h */; };
		A3C24B82127DA8A600D9E39D /* WeiboFilters.m in Sources */ = {isa = PBXBuildFile; fileRef = A3C24B80127DA8A600D9E39D /* WeiboFilters.m */; };
		A3C603A312543B5F00049FC9 /* WeiboTimeline.m in Sources */ = {isa = PBXBuildFile; fileRef = A3C603A212543B5F00049FC9 /* WeiboTimeline.m */; };
		A3C686A5125500AA00CABC1A /* NSDateAdditions.m in Sources */ = {isa = PBXBuildFile; fileRef = A3C686A4125500AA00CABC1A /* NSDateAdditions.m */; };
		A3C8F2F0124C33A200BA074C /* WeiboCache.m in Sources */ = {isa = PBXBuildFile; fileRef = A3C8F2EF124C33A200BA074C /* WeiboCache.m */; };
		A3C954E7125AE8EC005261B2 /* UserDefaults.plist in Resources */ = {isa = PBXBuildFile; fileRef = A3C954E6125AE8EC005261B2 /* UserDefaults.plist */; };
		A3C958D0125AF9FE005261B2 /* Security.framework in Frameworks */ = {isa = PBXBuildFile; fileRef = A3C958CF125AF9FD005261B2 /* Security.framework */; };
		A3CAD21D12598AD9004D6ED0 /* themes in Resources */ = {isa = PBXBuildFile; fileRef = A3CAD20D12598AD9004D6ED0 /* themes */; };
		A3CF45D11252F44B0074E6E3 /* friends_down.png in Resources */ = {isa = PBXBuildFile; fileRef = A3CF45CF1252F44B0074E6E3 /* friends_down.png */; };
		A3CF45D21252F44B0074E6E3 /* friends.png in Resources */ = {isa = PBXBuildFile; fileRef = A3CF45D01252F44B0074E6E3 /* friends.png */; };
		A3CF460E1252F96B0074E6E3 /* user_down.png in Resources */ = {isa = PBXBuildFile; fileRef = A3CF460C1252F96B0074E6E3 /* user_down.png */; };
		A3CF460F1252F96B0074E6E3 /* user.png in Resources */ = {isa = PBXBuildFile; fileRef = A3CF460D1252F96B0074E6E3 /* user.png */; };
		A3D899B6127457CE00B78216 /* libicucore.dylib in Frameworks */ = {isa = PBXBuildFile; fileRef = A3D899B5127457CE00B78216 /* libicucore.dylib */; };
		A3D89AF512745A6E00B78216 /* AppController.h in Headers */ = {isa = PBXBuildFile; fileRef = A3D89AD812745A6E00B78216 /* AppController.h */; };
		A3D89AF612745A6E00B78216 /* AppController.m in Sources */ = {isa = PBXBuildFile; fileRef = A3D89AD912745A6E00B78216 /* AppController.m */; };
		A3D89AF712745A6E00B78216 /* DeepMutableCopy.h in Headers */ = {isa = PBXBuildFile; fileRef = A3D89ADA12745A6E00B78216 /* DeepMutableCopy.h */; };
		A3D89AF812745A6E00B78216 /* ICUTemplateMatcher.h in Headers */ = {isa = PBXBuildFile; fileRef = A3D89ADB12745A6E00B78216 /* ICUTemplateMatcher.h */; };
		A3D89AF912745A6E00B78216 /* ICUTemplateMatcher.m in Sources */ = {isa = PBXBuildFile; fileRef = A3D89ADC12745A6E00B78216 /* ICUTemplateMatcher.m */; };
		A3D89AFA12745A6E00B78216 /* MGTemplateEngine README.txt in Resources */ = {isa = PBXBuildFile; fileRef = A3D89ADD12745A6E00B78216 /* MGTemplateEngine README.txt */; };
		A3D89AFB12745A6E00B78216 /* MGTemplateEngine.h in Headers */ = {isa = PBXBuildFile; fileRef = A3D89ADE12745A6E00B78216 /* MGTemplateEngine.h */; };
		A3D89AFC12745A6E00B78216 /* MGTemplateEngine.m in Sources */ = {isa = PBXBuildFile; fileRef = A3D89ADF12745A6E00B78216 /* MGTemplateEngine.m */; };
		A3D89AFD12745A6E00B78216 /* MGTemplateEngine_Prefix.pch in Headers */ = {isa = PBXBuildFile; fileRef = A3D89AE012745A6E00B78216 /* MGTemplateEngine_Prefix.pch */; };
		A3D89AFE12745A6E00B78216 /* MGTemplateFilter.h in Headers */ = {isa = PBXBuildFile; fileRef = A3D89AE112745A6E00B78216 /* MGTemplateFilter.h */; };
		A3D89AFF12745A6E00B78216 /* MGTemplateMarker.h in Headers */ = {isa = PBXBuildFile; fileRef = A3D89AE212745A6E00B78216 /* MGTemplateMarker.h */; };
		A3D89B0012745A6E00B78216 /* MGTemplateStandardFilters.h in Headers */ = {isa = PBXBuildFile; fileRef = A3D89AE312745A6E00B78216 /* MGTemplateStandardFilters.h */; };
		A3D89B0112745A6E00B78216 /* MGTemplateStandardFilters.m in Sources */ = {isa = PBXBuildFile; fileRef = A3D89AE412745A6E00B78216 /* MGTemplateStandardFilters.m */; };
		A3D89B0212745A6E00B78216 /* MGTemplateStandardMarkers.h in Headers */ = {isa = PBXBuildFile; fileRef = A3D89AE512745A6E00B78216 /* MGTemplateStandardMarkers.h */; };
		A3D89B0312745A6E00B78216 /* MGTemplateStandardMarkers.m in Sources */ = {isa = PBXBuildFile; fileRef = A3D89AE612745A6E00B78216 /* MGTemplateStandardMarkers.m */; };
		A3D89B0412745A6E00B78216 /* NSArray_DeepMutableCopy.h in Headers */ = {isa = PBXBuildFile; fileRef = A3D89AE712745A6E00B78216 /* NSArray_DeepMutableCopy.h */; };
		A3D89B0512745A6E00B78216 /* NSArray_DeepMutableCopy.m in Sources */ = {isa = PBXBuildFile; fileRef = A3D89AE812745A6E00B78216 /* NSArray_DeepMutableCopy.m */; };
		A3D89B0612745A6E00B78216 /* NSDictionary_DeepMutableCopy.h in Headers */ = {isa = PBXBuildFile; fileRef = A3D89AE912745A6E00B78216 /* NSDictionary_DeepMutableCopy.h */; };
		A3D89B0712745A6E00B78216 /* NSDictionary_DeepMutableCopy.m in Sources */ = {isa = PBXBuildFile; fileRef = A3D89AEA12745A6E00B78216 /* NSDictionary_DeepMutableCopy.m */; };
		A3D89B0812745A6E00B78216 /* RegexKitLite.h in Headers */ = {isa = PBXBuildFile; fileRef = A3D89AEB12745A6E00B78216 /* RegexKitLite.h */; };
		A3D89B0912745A6E00B78216 /* RegexKitLite.m in Sources */ = {isa = PBXBuildFile; fileRef = A3D89AEC12745A6E00B78216 /* RegexKitLite.m */; };
		A3D89B0A12745A6E00B78216 /* RegexKitTemplateMatcher.h in Headers */ = {isa = PBXBuildFile; fileRef = A3D89AED12745A6E00B78216 /* RegexKitTemplateMatcher.h */; };
		A3D89B0B12745A6E00B78216 /* RegexKitTemplateMatcher.m in Sources */ = {isa = PBXBuildFile; fileRef = A3D89AEE12745A6E00B78216 /* RegexKitTemplateMatcher.m */; };
		A3D89B0C12745A6E00B78216 /* sample_template.txt in Resources */ = {isa = PBXBuildFile; fileRef = A3D89AEF12745A6E00B78216 /* sample_template.txt */; };
		A3D89B0D12745A6E00B78216 /* Source Code License.rtf in Resources */ = {isa = PBXBuildFile; fileRef = A3D89AF012745A6E00B78216 /* Source Code License.rtf */; };
		A3D89B0E12745A6E00B78216 /* TemplateEngine-Info.plist in Resources */ = {isa = PBXBuildFile; fileRef = A3D89AF112745A6E00B78216 /* TemplateEngine-Info.plist */; };
		A3D89B0F12745A6E00B78216 /* Writing Filters.txt in Resources */ = {isa = PBXBuildFile; fileRef = A3D89AF212745A6E00B78216 /* Writing Filters.txt */; };
		A3D89B1012745A6E00B78216 /* Writing Markers.txt in Resources */ = {isa = PBXBuildFile; fileRef = A3D89AF312745A6E00B78216 /* Writing Markers.txt */; };
		A3D89B1112745A6E00B78216 /* Writing Matchers.txt in Resources */ = {isa = PBXBuildFile; fileRef = A3D89AF412745A6E00B78216 /* Writing Matchers.txt */; };
		A3D89B2E12745AE900B78216 /* RegexKit.framework in CopyFiles */ = {isa = PBXBuildFile; fileRef = A3DEF91012744FC400A4A922 /* RegexKit.framework */; };
		A3D97F4912B3513C0059C0D2 /* SmallBlueDot.psd in Resources */ = {isa = PBXBuildFile; fileRef = A3D97F4812B3513C0059C0D2 /* SmallBlueDot.psd */; };
		A3DA423E128EE0B400F3497F /* bubble.icns in Resources */ = {isa = PBXBuildFile; fileRef = A3DA423D128EE0B400F3497F /* bubble.icns */; };
		A3DC6F1E126F48EC00C9FBF7 /* AppURLHandler.m in Sources */ = {isa = PBXBuildFile; fileRef = A3DC6F1D126F48EC00C9FBF7 /* AppURLHandler.m */; };
		A3DEF69412744CDE00A4A922 /* AppKit.framework in Frameworks */ = {isa = PBXBuildFile; fileRef = 29B97324FDCFA39411CA2CEA /* AppKit.framework */; };
		A3DEF85912744ED900A4A922 /* WebKit.framework in Frameworks */ = {isa = PBXBuildFile; fileRef = A3DEF85812744ED900A4A922 /* WebKit.framework */; };
		A3DEF91112744FC400A4A922 /* RegexKit.framework in Frameworks */ = {isa = PBXBuildFile; fileRef = A3DEF91012744FC400A4A922 /* RegexKit.framework */; };
		A3E382F21287187E00B4C695 /* Growl.framework in CopyFiles */ = {isa = PBXBuildFile; fileRef = A3B608AE1287061A0085ECB1 /* Growl.framework */; };
		A3E38322128719AE00B4C695 /* Growl Registration Ticket.growlRegDict in Resources */ = {isa = PBXBuildFile; fileRef = A3E382D5128710C100B4C695 /* Growl Registration Ticket.growlRegDict */; };
		A3E8F9ED12E5C7F600A19E26 /* KScroller.h in Headers */ = {isa = PBXBuildFile; fileRef = A3E8F9EB12E5C7F600A19E26 /* KScroller.h */; };
		A3E8F9EE12E5C7F600A19E26 /* KScroller.m in Sources */ = {isa = PBXBuildFile; fileRef = A3E8F9EC12E5C7F600A19E26 /* KScroller.m */; };
		A3E8FA5E12E5D79A00A19E26 /* MyScroller.h in Headers */ = {isa = PBXBuildFile; fileRef = A3E8FA5C12E5D79A00A19E26 /* MyScroller.h */; };
		A3E8FA5F12E5D79A00A19E26 /* MyScroller.m in Sources */ = {isa = PBXBuildFile; fileRef = A3E8FA5D12E5D79A00A19E26 /* MyScroller.m */; };
		A3E98B251291600800D01F98 /* status_alert_icon.png in Resources */ = {isa = PBXBuildFile; fileRef = A3E98B231291600800D01F98 /* status_alert_icon.png */; };
		A3E98B261291600800D01F98 /* status_icon.png in Resources */ = {isa = PBXBuildFile; fileRef = A3E98B241291600800D01F98 /* status_icon.png */; };
/* End PBXBuildFile section */

/* Begin PBXCopyFilesBuildPhase section */
		A31D7252129EC8EC00385EEC /* CopyFiles */ = {
			isa = PBXCopyFilesBuildPhase;
			buildActionMask = 2147483647;
			dstPath = "../Preference Panes";
			dstSubfolderSpec = 7;
			files = (
			);
			runOnlyForDeploymentPostprocessing = 0;
		};
		A3D89B3912745AF000B78216 /* CopyFiles */ = {
			isa = PBXCopyFilesBuildPhase;
			buildActionMask = 2147483647;
			dstPath = "";
			dstSubfolderSpec = 10;
			files = (
				A3E382F21287187E00B4C695 /* Growl.framework in CopyFiles */,
				A3D89B2E12745AE900B78216 /* RegexKit.framework in CopyFiles */,
			);
			runOnlyForDeploymentPostprocessing = 0;
		};
/* End PBXCopyFilesBuildPhase section */

/* Begin PBXFileReference section */
		1058C7A1FEA54F0111CA2CBB /* Cocoa.framework */ = {isa = PBXFileReference; lastKnownFileType = wrapper.framework; name = Cocoa.framework; path = /System/Library/Frameworks/Cocoa.framework; sourceTree = "<absolute>"; };
		13E42FB307B3F0F600E4EEF1 /* CoreData.framework */ = {isa = PBXFileReference; lastKnownFileType = wrapper.framework; name = CoreData.framework; path = /System/Library/Frameworks/CoreData.framework; sourceTree = "<absolute>"; };
		256AC3F00F4B6AF500CF3369 /* Bubble_Prefix.pch */ = {isa = PBXFileReference; fileEncoding = 4; lastKnownFileType = sourcecode.c.h; path = Bubble_Prefix.pch; sourceTree = "<group>"; };
		29B97316FDCFA39411CA2CEA /* main.m */ = {isa = PBXFileReference; fileEncoding = 4; lastKnownFileType = sourcecode.c.objc; path = main.m; sourceTree = "<group>"; };
		29B97324FDCFA39411CA2CEA /* AppKit.framework */ = {isa = PBXFileReference; lastKnownFileType = wrapper.framework; name = AppKit.framework; path = /System/Library/Frameworks/AppKit.framework; sourceTree = "<absolute>"; };
		29B97325FDCFA39411CA2CEA /* Foundation.framework */ = {isa = PBXFileReference; lastKnownFileType = wrapper.framework; name = Foundation.framework; path = /System/Library/Frameworks/Foundation.framework; sourceTree = "<absolute>"; };
		A3005EFB124A2B75001CE9AC /* comments_down.png */ = {isa = PBXFileReference; lastKnownFileType = image.png; path = comments_down.png; sourceTree = "<group>"; };
		A3005EFC124A2B75001CE9AC /* comments.png */ = {isa = PBXFileReference; lastKnownFileType = image.png; path = comments.png; sourceTree = "<group>"; };
		A3005EFD124A2B75001CE9AC /* compose.png */ = {isa = PBXFileReference; lastKnownFileType = image.png; path = compose.png; sourceTree = "<group>"; };
		A3005EFE124A2B75001CE9AC /* direct_down.png */ = {isa = PBXFileReference; lastKnownFileType = image.png; path = direct_down.png; sourceTree = "<group>"; };
		A3005EFF124A2B75001CE9AC /* direct.png */ = {isa = PBXFileReference; lastKnownFileType = image.png; path = direct.png; sourceTree = "<group>"; };
		A3005F02124A2B75001CE9AC /* geotag_down.png */ = {isa = PBXFileReference; lastKnownFileType = image.png; path = geotag_down.png; sourceTree = "<group>"; };
		A3005F03124A2B75001CE9AC /* geotag.png */ = {isa = PBXFileReference; lastKnownFileType = image.png; path = geotag.png; sourceTree = "<group>"; };
		A3005F04124A2B75001CE9AC /* home_down.png */ = {isa = PBXFileReference; lastKnownFileType = image.png; path = home_down.png; sourceTree = "<group>"; };
		A3005F05124A2B75001CE9AC /* home.png */ = {isa = PBXFileReference; lastKnownFileType = image.png; path = home.png; sourceTree = "<group>"; };
		A3005F0B124A2B75001CE9AC /* shrink.png */ = {isa = PBXFileReference; lastKnownFileType = image.png; path = shrink.png; sourceTree = "<group>"; };
		A3005F0C124A2B75001CE9AC /* star_down.png */ = {isa = PBXFileReference; lastKnownFileType = image.png; path = star_down.png; sourceTree = "<group>"; };
		A3005F0D124A2B75001CE9AC /* star.png */ = {isa = PBXFileReference; lastKnownFileType = image.png; path = star.png; sourceTree = "<group>"; };
		A3005F21124A2D0F001CE9AC /* mentions_down.png */ = {isa = PBXFileReference; lastKnownFileType = image.png; path = mentions_down.png; sourceTree = "<group>"; };
		A3005F22124A2D0F001CE9AC /* mentions.png */ = {isa = PBXFileReference; lastKnownFileType = image.png; path = mentions.png; sourceTree = "<group>"; };
		A3074B0212F8357D005CE745 /* Bubble.app */ = {isa = PBXFileReference; explicitFileType = wrapper.application; includeInIndex = 0; path = Bubble.app; sourceTree = BUILT_PRODUCTS_DIR; };
		A316D5B212786E3600A3D987 /* NSWindowAdditions.h */ = {isa = PBXFileReference; fileEncoding = 4; lastKnownFileType = sourcecode.c.h; path = NSWindowAdditions.h; sourceTree = "<group>"; };
		A316D5B312786E3600A3D987 /* NSWindowAdditions.m */ = {isa = PBXFileReference; fileEncoding = 4; lastKnownFileType = sourcecode.c.objc; path = NSWindowAdditions.m; sourceTree = "<group>"; };
		A31D7111129EB90E00385EEC /* GeneralPrefsView.xib */ = {isa = PBXFileReference; lastKnownFileType = file.xib; name = GeneralPrefsView.xib; path = ../../Resources/UI/GeneralPrefsView.xib; sourceTree = "<group>"; };
		A31D7115129EBA0100385EEC /* GeneralPrefsPanel.h */ = {isa = PBXFileReference; fileEncoding = 4; lastKnownFileType = sourcecode.c.h; path = GeneralPrefsPanel.h; sourceTree = "<group>"; };
		A31D7116129EBA0100385EEC /* GeneralPrefsPanel.m */ = {isa = PBXFileReference; fileEncoding = 4; lastKnownFileType = sourcecode.c.objc; path = GeneralPrefsPanel.m; sourceTree = "<group>"; };
		A31D7119129EBB3000385EEC /* Accounts.tiff */ = {isa = PBXFileReference; lastKnownFileType = image.tiff; path = Accounts.tiff; sourceTree = "<group>"; };
		A31D711A129EBB3000385EEC /* generalPrefs.tiff */ = {isa = PBXFileReference; lastKnownFileType = image.tiff; path = generalPrefs.tiff; sourceTree = "<group>"; };
		A31D711D129EBB5400385EEC /* AccountPrefsPanel.h */ = {isa = PBXFileReference; fileEncoding = 4; lastKnownFileType = sourcecode.c.h; path = AccountPrefsPanel.h; sourceTree = "<group>"; };
		A31D711E129EBB5400385EEC /* AccountPrefsPanel.m */ = {isa = PBXFileReference; fileEncoding = 4; lastKnownFileType = sourcecode.c.objc; path = AccountPrefsPanel.m; sourceTree = "<group>"; };
		A31D7130129EBDAA00385EEC /* AccountPrefsView.xib */ = {isa = PBXFileReference; lastKnownFileType = file.xib; name = AccountPrefsView.xib; path = ../../Resources/UI/AccountPrefsView.xib; sourceTree = "<group>"; };
		A31D7135129EBF8900385EEC /* MenuController.h */ = {isa = PBXFileReference; fileEncoding = 4; lastKnownFileType = sourcecode.c.h; path = MenuController.h; sourceTree = "<group>"; };
		A31D7136129EBF8900385EEC /* MenuController.m */ = {isa = PBXFileReference; fileEncoding = 4; lastKnownFileType = sourcecode.c.objc; path = MenuController.m; sourceTree = "<group>"; };
		A326B04812F6BB66007F0CE1 /* PathController.h */ = {isa = PBXFileReference; fileEncoding = 4; lastKnownFileType = sourcecode.c.h; path = PathController.h; sourceTree = "<group>"; };
		A326B04912F6BB66007F0CE1 /* PathController.m */ = {isa = PBXFileReference; fileEncoding = 4; lastKnownFileType = sourcecode.c.objc; path = PathController.m; sourceTree = "<group>"; };
		A33380461298E1E00033FCCF /* ImagePanelController.h */ = {isa = PBXFileReference; fileEncoding = 4; lastKnownFileType = sourcecode.c.h; path = ImagePanelController.h; sourceTree = "<group>"; };
		A33380471298E1E00033FCCF /* ImagePanelController.m */ = {isa = PBXFileReference; fileEncoding = 4; lastKnownFileType = sourcecode.c.objc; path = ImagePanelController.m; sourceTree = "<group>"; };
		A333804B1298E2780033FCCF /* ImagePanel.xib */ = {isa = PBXFileReference; lastKnownFileType = file.xib; path = ImagePanel.xib; sourceTree = "<group>"; };
		A349695812D9EFF300D7D1C9 /* ScrollOffset.h */ = {isa = PBXFileReference; fileEncoding = 4; lastKnownFileType = sourcecode.c.h; path = ScrollOffset.h; sourceTree = "<group>"; };
		A349695912D9EFF300D7D1C9 /* ScrollOffset.m */ = {isa = PBXFileReference; fileEncoding = 4; lastKnownFileType = sourcecode.c.objc; path = ScrollOffset.m; sourceTree = "<group>"; };
		A349695C12D9F04900D7D1C9 /* PathItem.h */ = {isa = PBXFileReference; fileEncoding = 4; lastKnownFileType = sourcecode.c.h; path = PathItem.h; sourceTree = "<group>"; };
		A349695D12D9F04900D7D1C9 /* PathItem.m */ = {isa = PBXFileReference; fileEncoding = 4; lastKnownFileType = sourcecode.c.objc; path = PathItem.m; sourceTree = "<group>"; };
		A34D033B1275BC7300CA1996 /* TemplateEngine.h */ = {isa = PBXFileReference; fileEncoding = 4; lastKnownFileType = sourcecode.c.h; path = TemplateEngine.h; sourceTree = "<group>"; };
		A34D033C1275BC7300CA1996 /* TemplateEngine.m */ = {isa = PBXFileReference; fileEncoding = 4; lastKnownFileType = sourcecode.c.objc; path = TemplateEngine.m; sourceTree = "<group>"; };
		A34E484E1271D2B9000B2B5D /* AIURLAdditions.h */ = {isa = PBXFileReference; fileEncoding = 4; lastKnownFileType = sourcecode.c.h; path = AIURLAdditions.h; sourceTree = "<group>"; };
		A34E484F1271D2B9000B2B5D /* AIURLAdditions.m */ = {isa = PBXFileReference; fileEncoding = 4; lastKnownFileType = sourcecode.c.objc; path = AIURLAdditions.m; sourceTree = "<group>"; };
		A35280B812E1514700FE1BBE /* dot.png */ = {isa = PBXFileReference; lastKnownFileType = image.png; path = dot.png; sourceTree = "<group>"; };
		A354BFF11249CC810055FB8F /* NSDataAdditions.h */ = {isa = PBXFileReference; fileEncoding = 4; lastKnownFileType = sourcecode.c.h; path = NSDataAdditions.h; sourceTree = "<group>"; };
		A354BFF21249CC810055FB8F /* NSDataAdditions.m */ = {isa = PBXFileReference; fileEncoding = 4; lastKnownFileType = sourcecode.c.objc; path = NSDataAdditions.m; sourceTree = "<group>"; };
		A354BFF31249CC810055FB8F /* NSStringAdditions.h */ = {isa = PBXFileReference; fileEncoding = 4; lastKnownFileType = sourcecode.c.h; path = NSStringAdditions.h; sourceTree = "<group>"; };
		A354BFF41249CC810055FB8F /* NSStringAdditions.m */ = {isa = PBXFileReference; fileEncoding = 4; lastKnownFileType = sourcecode.c.objc; path = NSStringAdditions.m; sourceTree = "<group>"; };
		A354BFF51249CC810055FB8F /* NSURLAdditions.h */ = {isa = PBXFileReference; fileEncoding = 4; lastKnownFileType = sourcecode.c.h; path = NSURLAdditions.h; sourceTree = "<group>"; };
		A354BFF61249CC810055FB8F /* NSURLAdditions.m */ = {isa = PBXFileReference; fileEncoding = 4; lastKnownFileType = sourcecode.c.objc; path = NSURLAdditions.m; sourceTree = "<group>"; };
		A354BFF81249CC810055FB8F /* ComposeController.h */ = {isa = PBXFileReference; fileEncoding = 4; lastKnownFileType = sourcecode.c.h; path = ComposeController.h; sourceTree = "<group>"; };
		A354BFF91249CC810055FB8F /* ComposeController.m */ = {isa = PBXFileReference; fileEncoding = 4; lastKnownFileType = sourcecode.c.objc; path = ComposeController.m; sourceTree = "<group>"; };
		A354BFFA1249CC810055FB8F /* HTMLController.h */ = {isa = PBXFileReference; fileEncoding = 4; lastKnownFileType = sourcecode.c.h; path = HTMLController.h; sourceTree = "<group>"; };
		A354BFFB1249CC810055FB8F /* HTMLController.m */ = {isa = PBXFileReference; fileEncoding = 4; lastKnownFileType = sourcecode.c.objc; path = HTMLController.m; sourceTree = "<group>"; };
		A354BFFC1249CC810055FB8F /* LoginWindowController.h */ = {isa = PBXFileReference; fileEncoding = 4; lastKnownFileType = sourcecode.c.h; path = LoginWindowController.h; sourceTree = "<group>"; };
		A354BFFD1249CC810055FB8F /* LoginWindowController.m */ = {isa = PBXFileReference; fileEncoding = 4; lastKnownFileType = sourcecode.c.objc; path = LoginWindowController.m; sourceTree = "<group>"; };
		A354BFFE1249CC810055FB8F /* MainWindowController.h */ = {isa = PBXFileReference; fileEncoding = 4; lastKnownFileType = sourcecode.c.h; path = MainWindowController.h; sourceTree = "<group>"; };
		A354BFFF1249CC810055FB8F /* MainWindowController.m */ = {isa = PBXFileReference; fileEncoding = 4; lastKnownFileType = sourcecode.c.objc; path = MainWindowController.m; sourceTree = "<group>"; };
		A354C0011249CC810055FB8F /* JSON.h */ = {isa = PBXFileReference; fileEncoding = 4; lastKnownFileType = sourcecode.c.h; path = JSON.h; sourceTree = "<group>"; };
		A354C0021249CC810055FB8F /* NSObject+SBJSON.h */ = {isa = PBXFileReference; fileEncoding = 4; lastKnownFileType = sourcecode.c.h; path = "NSObject+SBJSON.h"; sourceTree = "<group>"; };
		A354C0031249CC810055FB8F /* NSObject+SBJSON.m */ = {isa = PBXFileReference; fileEncoding = 4; lastKnownFileType = sourcecode.c.objc; path = "NSObject+SBJSON.m"; sourceTree = "<group>"; };
		A354C0041249CC810055FB8F /* NSString+SBJSON.h */ = {isa = PBXFileReference; fileEncoding = 4; lastKnownFileType = sourcecode.c.h; path = "NSString+SBJSON.h"; sourceTree = "<group>"; };
		A354C0051249CC810055FB8F /* NSString+SBJSON.m */ = {isa = PBXFileReference; fileEncoding = 4; lastKnownFileType = sourcecode.c.objc; path = "NSString+SBJSON.m"; sourceTree = "<group>"; };
		A354C0061249CC810055FB8F /* SBJsonBase.h */ = {isa = PBXFileReference; fileEncoding = 4; lastKnownFileType = sourcecode.c.h; path = SBJsonBase.h; sourceTree = "<group>"; };
		A354C0071249CC810055FB8F /* SBJsonBase.m */ = {isa = PBXFileReference; fileEncoding = 4; lastKnownFileType = sourcecode.c.objc; path = SBJsonBase.m; sourceTree = "<group>"; };
		A354C0081249CC810055FB8F /* SBJsonParser.h */ = {isa = PBXFileReference; fileEncoding = 4; lastKnownFileType = sourcecode.c.h; path = SBJsonParser.h; sourceTree = "<group>"; };
		A354C0091249CC810055FB8F /* SBJsonParser.m */ = {isa = PBXFileReference; fileEncoding = 4; lastKnownFileType = sourcecode.c.objc; path = SBJsonParser.m; sourceTree = "<group>"; };
		A354C00A1249CC810055FB8F /* SBJsonWriter.h */ = {isa = PBXFileReference; fileEncoding = 4; lastKnownFileType = sourcecode.c.h; path = SBJsonWriter.h; sourceTree = "<group>"; };
		A354C00B1249CC810055FB8F /* SBJsonWriter.m */ = {isa = PBXFileReference; fileEncoding = 4; lastKnownFileType = sourcecode.c.objc; path = SBJsonWriter.m; sourceTree = "<group>"; };
		A354C00E1249CC810055FB8F /* WeiboConnector.h */ = {isa = PBXFileReference; fileEncoding = 4; lastKnownFileType = sourcecode.c.h; path = WeiboConnector.h; sourceTree = "<group>"; };
		A354C00F1249CC810055FB8F /* WeiboConnector.m */ = {isa = PBXFileReference; fileEncoding = 4; lastKnownFileType = sourcecode.c.objc; path = WeiboConnector.m; sourceTree = "<group>"; };
		A354C0101249CC810055FB8F /* AccountController.h */ = {isa = PBXFileReference; fileEncoding = 4; lastKnownFileType = sourcecode.c.h; name = AccountController.h; path = ../Weibo/AccountController.h; sourceTree = "<group>"; };
		A354C0111249CC810055FB8F /* AccountController.m */ = {isa = PBXFileReference; fileEncoding = 4; lastKnownFileType = sourcecode.c.objc; name = AccountController.m; path = ../Weibo/AccountController.m; sourceTree = "<group>"; };
		A354C0121249CC810055FB8F /* WeiboGlobal.h */ = {isa = PBXFileReference; fileEncoding = 4; lastKnownFileType = sourcecode.c.h; path = WeiboGlobal.h; sourceTree = "<group>"; };
		A354C0151249CC810055FB8F /* WeiboURLConnection.h */ = {isa = PBXFileReference; fileEncoding = 4; lastKnownFileType = sourcecode.c.h; path = WeiboURLConnection.h; sourceTree = "<group>"; };
		A354C0161249CC810055FB8F /* WeiboURLConnection.m */ = {isa = PBXFileReference; fileEncoding = 4; lastKnownFileType = sourcecode.c.objc; path = WeiboURLConnection.m; sourceTree = "<group>"; };
		A354C0831249D1840055FB8F /* AppDelegate.h */ = {isa = PBXFileReference; fileEncoding = 4; lastKnownFileType = sourcecode.c.h; path = AppDelegate.h; sourceTree = "<group>"; };
		A354C0841249D1840055FB8F /* AppDelegate.m */ = {isa = PBXFileReference; fileEncoding = 4; lastKnownFileType = sourcecode.c.objc; path = AppDelegate.m; sourceTree = "<group>"; };
		A354C2721249D1FD0055FB8F /* Bubble-Info.plist */ = {isa = PBXFileReference; fileEncoding = 4; lastKnownFileType = text.plist.xml; name = "Bubble-Info.plist"; path = "../Bubble/Bubble-Info.plist"; sourceTree = SOURCE_ROOT; };
		A354C2DB1249D86C0055FB8F /* English */ = {isa = PBXFileReference; fileEncoding = 4; lastKnownFileType = text.plist.strings; name = English; path = English.lproj/InfoPlist.strings; sourceTree = "<group>"; };
		A354C2DD1249D86C0055FB8F /* English */ = {isa = PBXFileReference; lastKnownFileType = file.xib; name = English; path = English.lproj/MainMenu.xib; sourceTree = "<group>"; };
		A3592135124A00F400DC2622 /* Compose.xib */ = {isa = PBXFileReference; lastKnownFileType = file.xib; path = Compose.xib; sourceTree = "<group>"; };
		A3592136124A00F400DC2622 /* LoginWindow.xib */ = {isa = PBXFileReference; lastKnownFileType = file.xib; path = LoginWindow.xib; sourceTree = "<group>"; };
		A3592137124A00F400DC2622 /* MainWindow.xib */ = {isa = PBXFileReference; lastKnownFileType = file.xib; path = MainWindow.xib; sourceTree = "<group>"; };
		A35983FA12B0F598008E1C43 /* WeiboAccount.h */ = {isa = PBXFileReference; fileEncoding = 4; lastKnownFileType = sourcecode.c.h; path = WeiboAccount.h; sourceTree = "<group>"; };
		A35983FB12B0F598008E1C43 /* WeiboAccount.m */ = {isa = PBXFileReference; fileEncoding = 4; lastKnownFileType = sourcecode.c.objc; path = WeiboAccount.m; sourceTree = "<group>"; };
		A35FAB35129EA4E400225E3B /* SS_PreferencePaneProtocol.h */ = {isa = PBXFileReference; fileEncoding = 4; lastKnownFileType = sourcecode.c.h; path = SS_PreferencePaneProtocol.h; sourceTree = "<group>"; };
		A35FAB36129EA4E400225E3B /* SS_PrefsController.h */ = {isa = PBXFileReference; fileEncoding = 4; lastKnownFileType = sourcecode.c.h; path = SS_PrefsController.h; sourceTree = "<group>"; };
		A35FAB37129EA4E400225E3B /* SS_PrefsController.m */ = {isa = PBXFileReference; fileEncoding = 4; lastKnownFileType = sourcecode.c.objc; path = SS_PrefsController.m; sourceTree = "<group>"; };
		A392292912AD2EF2000F4480 /* AccountEditor.xib */ = {isa = PBXFileReference; lastKnownFileType = file.xib; path = AccountEditor.xib; sourceTree = "<group>"; };
		A3922B2712AD4E5F000F4480 /* AccountEditorController.h */ = {isa = PBXFileReference; fileEncoding = 4; lastKnownFileType = sourcecode.c.h; path = AccountEditorController.h; sourceTree = "<group>"; };
		A3922B2812AD4E5F000F4480 /* AccountEditorController.m */ = {isa = PBXFileReference; fileEncoding = 4; lastKnownFileType = sourcecode.c.objc; path = AccountEditorController.m; sourceTree = "<group>"; };
		A3A5ECF012B3A1F300024C50 /* AdvancedPrefsPanel.h */ = {isa = PBXFileReference; fileEncoding = 4; lastKnownFileType = sourcecode.c.h; path = AdvancedPrefsPanel.h; sourceTree = "<group>"; };
		A3A5ECF112B3A1F300024C50 /* AdvancedPrefsPanel.m */ = {isa = PBXFileReference; fileEncoding = 4; lastKnownFileType = sourcecode.c.objc; path = AdvancedPrefsPanel.m; sourceTree = "<group>"; };
		A3A5ECF612B3A4CC00024C50 /* AdvancedPrefsView.xib */ = {isa = PBXFileReference; lastKnownFileType = file.xib; path = AdvancedPrefsView.xib; sourceTree = "<group>"; };
		A3B6087C128700970085ECB1 /* AppGrowl.h */ = {isa = PBXFileReference; fileEncoding = 4; lastKnownFileType = sourcecode.c.h; path = AppGrowl.h; sourceTree = "<group>"; };
		A3B6087D128700970085ECB1 /* AppGrowl.m */ = {isa = PBXFileReference; fileEncoding = 4; lastKnownFileType = sourcecode.c.objc; path = AppGrowl.m; sourceTree = "<group>"; };
		A3B608AE1287061A0085ECB1 /* Growl.framework */ = {isa = PBXFileReference; lastKnownFileType = wrapper.framework; name = Growl.framework; path = Local/Frameworks/Growl/Frameworks/Growl.framework; sourceTree = DEVELOPER_DIR; };
		A3C24B7F127DA8A600D9E39D /* WeiboFilters.h */ = {isa = PBXFileReference; fileEncoding = 4; lastKnownFileType = sourcecode.c.h; path = WeiboFilters.h; sourceTree = "<group>"; };
		A3C24B80127DA8A600D9E39D /* WeiboFilters.m */ = {isa = PBXFileReference; fileEncoding = 4; lastKnownFileType = sourcecode.c.objc; path = WeiboFilters.m; sourceTree = "<group>"; };
		A3C603A112543B5F00049FC9 /* WeiboTimeline.h */ = {isa = PBXFileReference; fileEncoding = 4; lastKnownFileType = sourcecode.c.h; path = WeiboTimeline.h; sourceTree = "<group>"; };
		A3C603A212543B5F00049FC9 /* WeiboTimeline.m */ = {isa = PBXFileReference; fileEncoding = 4; lastKnownFileType = sourcecode.c.objc; path = WeiboTimeline.m; sourceTree = "<group>"; };
		A3C686A3125500AA00CABC1A /* NSDateAdditions.h */ = {isa = PBXFileReference; fileEncoding = 4; lastKnownFileType = sourcecode.c.h; path = NSDateAdditions.h; sourceTree = "<group>"; };
		A3C686A4125500AA00CABC1A /* NSDateAdditions.m */ = {isa = PBXFileReference; fileEncoding = 4; lastKnownFileType = sourcecode.c.objc; path = NSDateAdditions.m; sourceTree = "<group>"; };
		A3C8F2EE124C33A200BA074C /* WeiboCache.h */ = {isa = PBXFileReference; fileEncoding = 4; lastKnownFileType = sourcecode.c.h; name = WeiboCache.h; path = ../App/WeiboCache.h; sourceTree = "<group>"; };
		A3C8F2EF124C33A200BA074C /* WeiboCache.m */ = {isa = PBXFileReference; fileEncoding = 4; lastKnownFileType = sourcecode.c.objc; name = WeiboCache.m; path = ../App/WeiboCache.m; sourceTree = "<group>"; };
		A3C954E6125AE8EC005261B2 /* UserDefaults.plist */ = {isa = PBXFileReference; fileEncoding = 4; lastKnownFileType = text.plist.xml; path = UserDefaults.plist; sourceTree = "<group>"; };
		A3C958CF125AF9FD005261B2 /* Security.framework */ = {isa = PBXFileReference; lastKnownFileType = wrapper.framework; name = Security.framework; path = System/Library/Frameworks/Security.framework; sourceTree = SDKROOT; };
		A3CAD20D12598AD9004D6ED0 /* themes */ = {isa = PBXFileReference; lastKnownFileType = folder; path = themes; sourceTree = "<group>"; };
		A3CF45CF1252F44B0074E6E3 /* friends_down.png */ = {isa = PBXFileReference; lastKnownFileType = image.png; path = friends_down.png; sourceTree = "<group>"; };
		A3CF45D01252F44B0074E6E3 /* friends.png */ = {isa = PBXFileReference; lastKnownFileType = image.png; path = friends.png; sourceTree = "<group>"; };
		A3CF460C1252F96B0074E6E3 /* user_down.png */ = {isa = PBXFileReference; lastKnownFileType = image.png; path = user_down.png; sourceTree = "<group>"; };
		A3CF460D1252F96B0074E6E3 /* user.png */ = {isa = PBXFileReference; lastKnownFileType = image.png; path = user.png; sourceTree = "<group>"; };
		A3D899B5127457CE00B78216 /* libicucore.dylib */ = {isa = PBXFileReference; lastKnownFileType = "compiled.mach-o.dylib"; name = libicucore.dylib; path = usr/lib/libicucore.dylib; sourceTree = SDKROOT; };
		A3D89AD812745A6E00B78216 /* AppController.h */ = {isa = PBXFileReference; fileEncoding = 4; lastKnownFileType = sourcecode.c.h; path = AppController.h; sourceTree = "<group>"; };
		A3D89AD912745A6E00B78216 /* AppController.m */ = {isa = PBXFileReference; fileEncoding = 4; lastKnownFileType = sourcecode.c.objc; path = AppController.m; sourceTree = "<group>"; };
		A3D89ADA12745A6E00B78216 /* DeepMutableCopy.h */ = {isa = PBXFileReference; fileEncoding = 4; lastKnownFileType = sourcecode.c.h; path = DeepMutableCopy.h; sourceTree = "<group>"; };
		A3D89ADB12745A6E00B78216 /* ICUTemplateMatcher.h */ = {isa = PBXFileReference; fileEncoding = 4; lastKnownFileType = sourcecode.c.h; path = ICUTemplateMatcher.h; sourceTree = "<group>"; };
		A3D89ADC12745A6E00B78216 /* ICUTemplateMatcher.m */ = {isa = PBXFileReference; fileEncoding = 4; lastKnownFileType = sourcecode.c.objc; path = ICUTemplateMatcher.m; sourceTree = "<group>"; };
		A3D89ADD12745A6E00B78216 /* MGTemplateEngine README.txt */ = {isa = PBXFileReference; fileEncoding = 4; lastKnownFileType = text; path = "MGTemplateEngine README.txt"; sourceTree = "<group>"; };
		A3D89ADE12745A6E00B78216 /* MGTemplateEngine.h */ = {isa = PBXFileReference; fileEncoding = 4; lastKnownFileType = sourcecode.c.h; path = MGTemplateEngine.h; sourceTree = "<group>"; };
		A3D89ADF12745A6E00B78216 /* MGTemplateEngine.m */ = {isa = PBXFileReference; fileEncoding = 4; lastKnownFileType = sourcecode.c.objc; path = MGTemplateEngine.m; sourceTree = "<group>"; };
		A3D89AE012745A6E00B78216 /* MGTemplateEngine_Prefix.pch */ = {isa = PBXFileReference; fileEncoding = 4; lastKnownFileType = sourcecode.c.h; path = MGTemplateEngine_Prefix.pch; sourceTree = "<group>"; };
		A3D89AE112745A6E00B78216 /* MGTemplateFilter.h */ = {isa = PBXFileReference; fileEncoding = 4; lastKnownFileType = sourcecode.c.h; path = MGTemplateFilter.h; sourceTree = "<group>"; };
		A3D89AE212745A6E00B78216 /* MGTemplateMarker.h */ = {isa = PBXFileReference; fileEncoding = 4; lastKnownFileType = sourcecode.c.h; path = MGTemplateMarker.h; sourceTree = "<group>"; };
		A3D89AE312745A6E00B78216 /* MGTemplateStandardFilters.h */ = {isa = PBXFileReference; fileEncoding = 4; lastKnownFileType = sourcecode.c.h; path = MGTemplateStandardFilters.h; sourceTree = "<group>"; };
		A3D89AE412745A6E00B78216 /* MGTemplateStandardFilters.m */ = {isa = PBXFileReference; fileEncoding = 4; lastKnownFileType = sourcecode.c.objc; path = MGTemplateStandardFilters.m; sourceTree = "<group>"; };
		A3D89AE512745A6E00B78216 /* MGTemplateStandardMarkers.h */ = {isa = PBXFileReference; fileEncoding = 4; lastKnownFileType = sourcecode.c.h; path = MGTemplateStandardMarkers.h; sourceTree = "<group>"; };
		A3D89AE612745A6E00B78216 /* MGTemplateStandardMarkers.m */ = {isa = PBXFileReference; fileEncoding = 4; lastKnownFileType = sourcecode.c.objc; path = MGTemplateStandardMarkers.m; sourceTree = "<group>"; };
		A3D89AE712745A6E00B78216 /* NSArray_DeepMutableCopy.h */ = {isa = PBXFileReference; fileEncoding = 4; lastKnownFileType = sourcecode.c.h; path = NSArray_DeepMutableCopy.h; sourceTree = "<group>"; };
		A3D89AE812745A6E00B78216 /* NSArray_DeepMutableCopy.m */ = {isa = PBXFileReference; fileEncoding = 4; lastKnownFileType = sourcecode.c.objc; path = NSArray_DeepMutableCopy.m; sourceTree = "<group>"; };
		A3D89AE912745A6E00B78216 /* NSDictionary_DeepMutableCopy.h */ = {isa = PBXFileReference; fileEncoding = 4; lastKnownFileType = sourcecode.c.h; path = NSDictionary_DeepMutableCopy.h; sourceTree = "<group>"; };
		A3D89AEA12745A6E00B78216 /* NSDictionary_DeepMutableCopy.m */ = {isa = PBXFileReference; fileEncoding = 4; lastKnownFileType = sourcecode.c.objc; path = NSDictionary_DeepMutableCopy.m; sourceTree = "<group>"; };
		A3D89AEB12745A6E00B78216 /* RegexKitLite.h */ = {isa = PBXFileReference; fileEncoding = 4; lastKnownFileType = sourcecode.c.h; path = RegexKitLite.h; sourceTree = "<group>"; };
		A3D89AEC12745A6E00B78216 /* RegexKitLite.m */ = {isa = PBXFileReference; fileEncoding = 4; lastKnownFileType = sourcecode.c.objc; path = RegexKitLite.m; sourceTree = "<group>"; };
		A3D89AED12745A6E00B78216 /* RegexKitTemplateMatcher.h */ = {isa = PBXFileReference; fileEncoding = 4; lastKnownFileType = sourcecode.c.h; path = RegexKitTemplateMatcher.h; sourceTree = "<group>"; };
		A3D89AEE12745A6E00B78216 /* RegexKitTemplateMatcher.m */ = {isa = PBXFileReference; fileEncoding = 4; lastKnownFileType = sourcecode.c.objc; path = RegexKitTemplateMatcher.m; sourceTree = "<group>"; };
		A3D89AEF12745A6E00B78216 /* sample_template.txt */ = {isa = PBXFileReference; fileEncoding = 4; lastKnownFileType = text; path = sample_template.txt; sourceTree = "<group>"; };
		A3D89AF012745A6E00B78216 /* Source Code License.rtf */ = {isa = PBXFileReference; lastKnownFileType = text.rtf; path = "Source Code License.rtf"; sourceTree = "<group>"; };
		A3D89AF112745A6E00B78216 /* TemplateEngine-Info.plist */ = {isa = PBXFileReference; fileEncoding = 4; lastKnownFileType = text.plist.xml; path = "TemplateEngine-Info.plist"; sourceTree = "<group>"; };
		A3D89AF212745A6E00B78216 /* Writing Filters.txt */ = {isa = PBXFileReference; fileEncoding = 4; lastKnownFileType = text; path = "Writing Filters.txt"; sourceTree = "<group>"; };
		A3D89AF312745A6E00B78216 /* Writing Markers.txt */ = {isa = PBXFileReference; fileEncoding = 4; lastKnownFileType = text; path = "Writing Markers.txt"; sourceTree = "<group>"; };
		A3D89AF412745A6E00B78216 /* Writing Matchers.txt */ = {isa = PBXFileReference; fileEncoding = 4; lastKnownFileType = text; path = "Writing Matchers.txt"; sourceTree = "<group>"; };
		A3D97F4812B3513C0059C0D2 /* SmallBlueDot.psd */ = {isa = PBXFileReference; lastKnownFileType = file; path = SmallBlueDot.psd; sourceTree = "<group>"; };
		A3DA423D128EE0B400F3497F /* bubble.icns */ = {isa = PBXFileReference; lastKnownFileType = image.icns; path = bubble.icns; sourceTree = "<group>"; };
		A3DC6F1C126F48EC00C9FBF7 /* AppURLHandler.h */ = {isa = PBXFileReference; fileEncoding = 4; lastKnownFileType = sourcecode.c.h; path = AppURLHandler.h; sourceTree = "<group>"; };
		A3DC6F1D126F48EC00C9FBF7 /* AppURLHandler.m */ = {isa = PBXFileReference; fileEncoding = 4; lastKnownFileType = sourcecode.c.objc; path = AppURLHandler.m; sourceTree = "<group>"; };
		A3DEF85812744ED900A4A922 /* WebKit.framework */ = {isa = PBXFileReference; lastKnownFileType = wrapper.framework; name = WebKit.framework; path = System/Library/Frameworks/WebKit.framework; sourceTree = SDKROOT; };
		A3DEF91012744FC400A4A922 /* RegexKit.framework */ = {isa = PBXFileReference; lastKnownFileType = wrapper.framework; name = RegexKit.framework; path = Local/Frameworks/RegexKit.framework; sourceTree = DEVELOPER_DIR; };
		A3E382D5128710C100B4C695 /* Growl Registration Ticket.growlRegDict */ = {isa = PBXFileReference; fileEncoding = 4; lastKnownFileType = text.xml; path = "Growl Registration Ticket.growlRegDict"; sourceTree = "<group>"; };
		A3E8F9EB12E5C7F600A19E26 /* KScroller.h */ = {isa = PBXFileReference; fileEncoding = 4; lastKnownFileType = sourcecode.c.h; path = KScroller.h; sourceTree = "<group>"; };
		A3E8F9EC12E5C7F600A19E26 /* KScroller.m */ = {isa = PBXFileReference; fileEncoding = 4; lastKnownFileType = sourcecode.c.objc; path = KScroller.m; sourceTree = "<group>"; };
		A3E8FA5C12E5D79A00A19E26 /* MyScroller.h */ = {isa = PBXFileReference; fileEncoding = 4; lastKnownFileType = sourcecode.c.h; path = MyScroller.h; sourceTree = "<group>"; };
		A3E8FA5D12E5D79A00A19E26 /* MyScroller.m */ = {isa = PBXFileReference; fileEncoding = 4; lastKnownFileType = sourcecode.c.objc; path = MyScroller.m; sourceTree = "<group>"; };
		A3E98B231291600800D01F98 /* status_alert_icon.png */ = {isa = PBXFileReference; lastKnownFileType = image.png; path = status_alert_icon.png; sourceTree = "<group>"; };
		A3E98B241291600800D01F98 /* status_icon.png */ = {isa = PBXFileReference; lastKnownFileType = image.png; path = status_icon.png; sourceTree = "<group>"; };
/* End PBXFileReference section */

/* Begin PBXFrameworksBuildPhase section */
		8D11072E0486CEB800E47090 /* Frameworks */ = {
			isa = PBXFrameworksBuildPhase;
			buildActionMask = 2147483647;
			files = (
				A3DEF91112744FC400A4A922 /* RegexKit.framework in Frameworks */,
				A3DEF69412744CDE00A4A922 /* AppKit.framework in Frameworks */,
				8D11072F0486CEB800E47090 /* Cocoa.framework in Frameworks */,
				A3C958D0125AF9FE005261B2 /* Security.framework in Frameworks */,
				A3DEF85912744ED900A4A922 /* WebKit.framework in Frameworks */,
				A3D899B6127457CE00B78216 /* libicucore.dylib in Frameworks */,
				A3B608AF1287061A0085ECB1 /* Growl.framework in Frameworks */,
			);
			runOnlyForDeploymentPostprocessing = 0;
		};
/* End PBXFrameworksBuildPhase section */

/* Begin PBXGroup section */
		1058C7A0FEA54F0111CA2CBB /* Linked Frameworks */ = {
			isa = PBXGroup;
			children = (
				A3D899B5127457CE00B78216 /* libicucore.dylib */,
				A3DEF91012744FC400A4A922 /* RegexKit.framework */,
				A3DEF85812744ED900A4A922 /* WebKit.framework */,
				1058C7A1FEA54F0111CA2CBB /* Cocoa.framework */,
				A3B608AE1287061A0085ECB1 /* Growl.framework */,
			);
			name = "Linked Frameworks";
			sourceTree = "<group>";
		};
		1058C7A2FEA54F0111CA2CBB /* Other Frameworks */ = {
			isa = PBXGroup;
			children = (
				A3C958CF125AF9FD005261B2 /* Security.framework */,
				29B97324FDCFA39411CA2CEA /* AppKit.framework */,
				13E42FB307B3F0F600E4EEF1 /* CoreData.framework */,
				29B97325FDCFA39411CA2CEA /* Foundation.framework */,
			);
			name = "Other Frameworks";
			sourceTree = "<group>";
		};
		19C28FACFE9D520D11CA2CBB /* Products */ = {
			isa = PBXGroup;
			children = (
				A3074B0212F8357D005CE745 /* Bubble.app */,
			);
			name = Products;
			sourceTree = "<group>";
		};
		29B97314FDCFA39411CA2CEA /* Bubble */ = {
			isa = PBXGroup;
			children = (
				A354C2D91249D86C0055FB8F /* Resources */,
				A354BFEF1249CC810055FB8F /* Classes */,
				29B97315FDCFA39411CA2CEA /* Other Sources */,
				29B97323FDCFA39411CA2CEA /* Frameworks */,
				19C28FACFE9D520D11CA2CBB /* Products */,
			);
			name = Bubble;
			sourceTree = "<group>";
		};
		29B97315FDCFA39411CA2CEA /* Other Sources */ = {
			isa = PBXGroup;
			children = (
				A354C2721249D1FD0055FB8F /* Bubble-Info.plist */,
				256AC3F00F4B6AF500CF3369 /* Bubble_Prefix.pch */,
				29B97316FDCFA39411CA2CEA /* main.m */,
			);
			name = "Other Sources";
			sourceTree = "<group>";
		};
		29B97323FDCFA39411CA2CEA /* Frameworks */ = {
			isa = PBXGroup;
			children = (
				1058C7A0FEA54F0111CA2CBB /* Linked Frameworks */,
				1058C7A2FEA54F0111CA2CBB /* Other Frameworks */,
			);
			name = Frameworks;
			sourceTree = "<group>";
		};
		A354BFEF1249CC810055FB8F /* Classes */ = {
			isa = PBXGroup;
			children = (
				A354BFF01249CC810055FB8F /* Additions */,
				A3E8F9E612E5C66E00A19E26 /* View */,
				A35FAB34129EA4E400225E3B /* Preferences */,
				A3D89AD712745A6E00B78216 /* MGTemplateEngine */,
				A354C0821249D1840055FB8F /* App */,
				A354BFF71249CC810055FB8F /* Controllers */,
				A354C0001249CC810055FB8F /* JSON */,
				A354C00C1249CC810055FB8F /* Models */,
				A354C00D1249CC810055FB8F /* Weibo */,
			);
			name = Classes;
			path = ../Bubble/Classes;
			sourceTree = SOURCE_ROOT;
		};
		A354BFF01249CC810055FB8F /* Additions */ = {
			isa = PBXGroup;
			children = (
				A34E484E1271D2B9000B2B5D /* AIURLAdditions.h */,
				A34E484F1271D2B9000B2B5D /* AIURLAdditions.m */,
				A354BFF11249CC810055FB8F /* NSDataAdditions.h */,
				A354BFF21249CC810055FB8F /* NSDataAdditions.m */,
				A354BFF31249CC810055FB8F /* NSStringAdditions.h */,
				A354BFF41249CC810055FB8F /* NSStringAdditions.m */,
				A354BFF51249CC810055FB8F /* NSURLAdditions.h */,
				A354BFF61249CC810055FB8F /* NSURLAdditions.m */,
				A3C686A3125500AA00CABC1A /* NSDateAdditions.h */,
				A3C686A4125500AA00CABC1A /* NSDateAdditions.m */,
				A316D5B212786E3600A3D987 /* NSWindowAdditions.h */,
				A316D5B312786E3600A3D987 /* NSWindowAdditions.m */,
			);
			path = Additions;
			sourceTree = "<group>";
		};
		A354BFF71249CC810055FB8F /* Controllers */ = {
			isa = PBXGroup;
			children = (
				A354C0101249CC810055FB8F /* AccountController.h */,
				A354C0111249CC810055FB8F /* AccountController.m */,
				A354BFF81249CC810055FB8F /* ComposeController.h */,
				A354BFF91249CC810055FB8F /* ComposeController.m */,
				A354BFFA1249CC810055FB8F /* HTMLController.h */,
				A354BFFB1249CC810055FB8F /* HTMLController.m */,
				A354BFFC1249CC810055FB8F /* LoginWindowController.h */,
				A354BFFD1249CC810055FB8F /* LoginWindowController.m */,
				A354BFFE1249CC810055FB8F /* MainWindowController.h */,
				A354BFFF1249CC810055FB8F /* MainWindowController.m */,
				A33380461298E1E00033FCCF /* ImagePanelController.h */,
				A33380471298E1E00033FCCF /* ImagePanelController.m */,
				A31D7135129EBF8900385EEC /* MenuController.h */,
				A31D7136129EBF8900385EEC /* MenuController.m */,
				A326B04812F6BB66007F0CE1 /* PathController.h */,
				A326B04912F6BB66007F0CE1 /* PathController.m */,
			);
			path = Controllers;
			sourceTree = "<group>";
		};
		A354C0001249CC810055FB8F /* JSON */ = {
			isa = PBXGroup;
			children = (
				A354C0011249CC810055FB8F /* JSON.h */,
				A354C0021249CC810055FB8F /* NSObject+SBJSON.h */,
				A354C0031249CC810055FB8F /* NSObject+SBJSON.m */,
				A354C0041249CC810055FB8F /* NSString+SBJSON.h */,
				A354C0051249CC810055FB8F /* NSString+SBJSON.m */,
				A354C0061249CC810055FB8F /* SBJsonBase.h */,
				A354C0071249CC810055FB8F /* SBJsonBase.m */,
				A354C0081249CC810055FB8F /* SBJsonParser.h */,
				A354C0091249CC810055FB8F /* SBJsonParser.m */,
				A354C00A1249CC810055FB8F /* SBJsonWriter.h */,
				A354C00B1249CC810055FB8F /* SBJsonWriter.m */,
			);
			path = JSON;
			sourceTree = "<group>";
		};
		A354C00C1249CC810055FB8F /* Models */ = {
			isa = PBXGroup;
			children = (
				A349695812D9EFF300D7D1C9 /* ScrollOffset.h */,
				A349695912D9EFF300D7D1C9 /* ScrollOffset.m */,
				A349695C12D9F04900D7D1C9 /* PathItem.h */,
				A349695D12D9F04900D7D1C9 /* PathItem.m */,
			);
			path = Models;
			sourceTree = "<group>";
		};
		A354C00D1249CC810055FB8F /* Weibo */ = {
			isa = PBXGroup;
			children = (
				A3C8F2EE124C33A200BA074C /* WeiboCache.h */,
				A3C8F2EF124C33A200BA074C /* WeiboCache.m */,
				A354C00E1249CC810055FB8F /* WeiboConnector.h */,
				A354C00F1249CC810055FB8F /* WeiboConnector.m */,
				A354C0121249CC810055FB8F /* WeiboGlobal.h */,
				A354C0151249CC810055FB8F /* WeiboURLConnection.h */,
				A354C0161249CC810055FB8F /* WeiboURLConnection.m */,
				A3C603A112543B5F00049FC9 /* WeiboTimeline.h */,
				A3C603A212543B5F00049FC9 /* WeiboTimeline.m */,
				A35983FA12B0F598008E1C43 /* WeiboAccount.h */,
				A35983FB12B0F598008E1C43 /* WeiboAccount.m */,
			);
			path = Weibo;
			sourceTree = "<group>";
		};
		A354C0821249D1840055FB8F /* App */ = {
			isa = PBXGroup;
			children = (
				A354C0831249D1840055FB8F /* AppDelegate.h */,
				A354C0841249D1840055FB8F /* AppDelegate.m */,
				A3DC6F1C126F48EC00C9FBF7 /* AppURLHandler.h */,
				A3DC6F1D126F48EC00C9FBF7 /* AppURLHandler.m */,
				A3B6087C128700970085ECB1 /* AppGrowl.h */,
				A3B6087D128700970085ECB1 /* AppGrowl.m */,
			);
			path = App;
			sourceTree = "<group>";
		};
		A354C2D91249D86C0055FB8F /* Resources */ = {
			isa = PBXGroup;
			children = (
				A3DA423D128EE0B400F3497F /* bubble.icns */,
				A3CAD20D12598AD9004D6ED0 /* themes */,
				A3D147D21249F25000C764E1 /* images */,
				A354C2DA1249D86C0055FB8F /* InfoPlist.strings */,
				A354C2DC1249D86C0055FB8F /* MainMenu.xib */,
				A354C3061249D86C0055FB8F /* UI */,
				A3C954E6125AE8EC005261B2 /* UserDefaults.plist */,
				A3E382D5128710C100B4C695 /* Growl Registration Ticket.growlRegDict */,
			);
			name = Resources;
			path = ../Bubble/Resources;
			sourceTree = SOURCE_ROOT;
		};
		A354C3061249D86C0055FB8F /* UI */ = {
			isa = PBXGroup;
			children = (
				A3592135124A00F400DC2622 /* Compose.xib */,
				A3592136124A00F400DC2622 /* LoginWindow.xib */,
				A3592137124A00F400DC2622 /* MainWindow.xib */,
				A333804B1298E2780033FCCF /* ImagePanel.xib */,
			);
			path = UI;
			sourceTree = "<group>";
		};
		A35FAB34129EA4E400225E3B /* Preferences */ = {
			isa = PBXGroup;
			children = (
				A31D7111129EB90E00385EEC /* GeneralPrefsView.xib */,
				A31D7130129EBDAA00385EEC /* AccountPrefsView.xib */,
				A35FAB35129EA4E400225E3B /* SS_PreferencePaneProtocol.h */,
				A35FAB36129EA4E400225E3B /* SS_PrefsController.h */,
				A35FAB37129EA4E400225E3B /* SS_PrefsController.m */,
				A31D7115129EBA0100385EEC /* GeneralPrefsPanel.h */,
				A31D7116129EBA0100385EEC /* GeneralPrefsPanel.m */,
				A31D711D129EBB5400385EEC /* AccountPrefsPanel.h */,
				A31D711E129EBB5400385EEC /* AccountPrefsPanel.m */,
				A392292912AD2EF2000F4480 /* AccountEditor.xib */,
				A3922B2712AD4E5F000F4480 /* AccountEditorController.h */,
				A3922B2812AD4E5F000F4480 /* AccountEditorController.m */,
				A3A5ECF012B3A1F300024C50 /* AdvancedPrefsPanel.h */,
				A3A5ECF112B3A1F300024C50 /* AdvancedPrefsPanel.m */,
				A3A5ECF612B3A4CC00024C50 /* AdvancedPrefsView.xib */,
			);
			path = Preferences;
			sourceTree = "<group>";
		};
		A3D147D21249F25000C764E1 /* images */ = {
			isa = PBXGroup;
			children = (
				A35280B812E1514700FE1BBE /* dot.png */,
				A3D97F4812B3513C0059C0D2 /* SmallBlueDot.psd */,
				A31D7119129EBB3000385EEC /* Accounts.tiff */,
				A31D711A129EBB3000385EEC /* generalPrefs.tiff */,
				A3E98B231291600800D01F98 /* status_alert_icon.png */,
				A3E98B241291600800D01F98 /* status_icon.png */,
				A3CF460C1252F96B0074E6E3 /* user_down.png */,
				A3CF460D1252F96B0074E6E3 /* user.png */,
				A3CF45CF1252F44B0074E6E3 /* friends_down.png */,
				A3CF45D01252F44B0074E6E3 /* friends.png */,
				A3005F21124A2D0F001CE9AC /* mentions_down.png */,
				A3005F22124A2D0F001CE9AC /* mentions.png */,
				A3005EFB124A2B75001CE9AC /* comments_down.png */,
				A3005EFC124A2B75001CE9AC /* comments.png */,
				A3005EFD124A2B75001CE9AC /* compose.png */,
				A3005EFE124A2B75001CE9AC /* direct_down.png */,
				A3005EFF124A2B75001CE9AC /* direct.png */,
				A3005F02124A2B75001CE9AC /* geotag_down.png */,
				A3005F03124A2B75001CE9AC /* geotag.png */,
				A3005F04124A2B75001CE9AC /* home_down.png */,
				A3005F05124A2B75001CE9AC /* home.png */,
				A3005F0B124A2B75001CE9AC /* shrink.png */,
				A3005F0C124A2B75001CE9AC /* star_down.png */,
				A3005F0D124A2B75001CE9AC /* star.png */,
			);
			path = images;
			sourceTree = "<group>";
		};
		A3D89AD712745A6E00B78216 /* MGTemplateEngine */ = {
			isa = PBXGroup;
			children = (
				A3D89AD812745A6E00B78216 /* AppController.h */,
				A3D89AD912745A6E00B78216 /* AppController.m */,
				A3D89ADA12745A6E00B78216 /* DeepMutableCopy.h */,
				A3D89ADB12745A6E00B78216 /* ICUTemplateMatcher.h */,
				A3D89ADC12745A6E00B78216 /* ICUTemplateMatcher.m */,
				A3D89ADD12745A6E00B78216 /* MGTemplateEngine README.txt */,
				A3D89ADE12745A6E00B78216 /* MGTemplateEngine.h */,
				A3D89ADF12745A6E00B78216 /* MGTemplateEngine.m */,
				A3D89AE012745A6E00B78216 /* MGTemplateEngine_Prefix.pch */,
				A3D89AE112745A6E00B78216 /* MGTemplateFilter.h */,
				A3D89AE212745A6E00B78216 /* MGTemplateMarker.h */,
				A3D89AE312745A6E00B78216 /* MGTemplateStandardFilters.h */,
				A3D89AE412745A6E00B78216 /* MGTemplateStandardFilters.m */,
				A3D89AE512745A6E00B78216 /* MGTemplateStandardMarkers.h */,
				A3D89AE612745A6E00B78216 /* MGTemplateStandardMarkers.m */,
				A3D89AE712745A6E00B78216 /* NSArray_DeepMutableCopy.h */,
				A3D89AE812745A6E00B78216 /* NSArray_DeepMutableCopy.m */,
				A3D89AE912745A6E00B78216 /* NSDictionary_DeepMutableCopy.h */,
				A3D89AEA12745A6E00B78216 /* NSDictionary_DeepMutableCopy.m */,
				A3D89AEB12745A6E00B78216 /* RegexKitLite.h */,
				A3D89AEC12745A6E00B78216 /* RegexKitLite.m */,
				A3D89AED12745A6E00B78216 /* RegexKitTemplateMatcher.h */,
				A3D89AEE12745A6E00B78216 /* RegexKitTemplateMatcher.m */,
				A3D89AEF12745A6E00B78216 /* sample_template.txt */,
				A3D89AF012745A6E00B78216 /* Source Code License.rtf */,
				A3D89AF112745A6E00B78216 /* TemplateEngine-Info.plist */,
				A3D89AF212745A6E00B78216 /* Writing Filters.txt */,
				A3D89AF312745A6E00B78216 /* Writing Markers.txt */,
				A3D89AF412745A6E00B78216 /* Writing Matchers.txt */,
				A34D033B1275BC7300CA1996 /* TemplateEngine.h */,
				A34D033C1275BC7300CA1996 /* TemplateEngine.m */,
				A3C24B7F127DA8A600D9E39D /* WeiboFilters.h */,
				A3C24B80127DA8A600D9E39D /* WeiboFilters.m */,
			);
			path = MGTemplateEngine;
			sourceTree = "<group>";
		};
		A3E8F9E612E5C66E00A19E26 /* View */ = {
			isa = PBXGroup;
			children = (
				A3E8F9EB12E5C7F600A19E26 /* KScroller.h */,
				A3E8F9EC12E5C7F600A19E26 /* KScroller.m */,
				A3E8FA5C12E5D79A00A19E26 /* MyScroller.h */,
				A3E8FA5D12E5D79A00A19E26 /* MyScroller.m */,
			);
			path = View;
			sourceTree = "<group>";
		};
/* End PBXGroup section */

/* Begin PBXHeadersBuildPhase section */
		A3DEF79612744D1D00A4A922 /* Headers */ = {
			isa = PBXHeadersBuildPhase;
			buildActionMask = 2147483647;
			files = (
				A3D89AF512745A6E00B78216 /* AppController.h in Headers */,
				A3D89AF712745A6E00B78216 /* DeepMutableCopy.h in Headers */,
				A3D89AF812745A6E00B78216 /* ICUTemplateMatcher.h in Headers */,
				A3D89AFB12745A6E00B78216 /* MGTemplateEngine.h in Headers */,
				A3D89AFD12745A6E00B78216 /* MGTemplateEngine_Prefix.pch in Headers */,
				A3D89AFE12745A6E00B78216 /* MGTemplateFilter.h in Headers */,
				A3D89AFF12745A6E00B78216 /* MGTemplateMarker.h in Headers */,
				A3D89B0012745A6E00B78216 /* MGTemplateStandardFilters.h in Headers */,
				A3D89B0212745A6E00B78216 /* MGTemplateStandardMarkers.h in Headers */,
				A3D89B0412745A6E00B78216 /* NSArray_DeepMutableCopy.h in Headers */,
				A3D89B0612745A6E00B78216 /* NSDictionary_DeepMutableCopy.h in Headers */,
				A3D89B0812745A6E00B78216 /* RegexKitLite.h in Headers */,
				A3D89B0A12745A6E00B78216 /* RegexKitTemplateMatcher.h in Headers */,
				A34D033D1275BC7300CA1996 /* TemplateEngine.h in Headers */,
				A316D5B412786E3600A3D987 /* NSWindowAdditions.h in Headers */,
				A3C24B81127DA8A600D9E39D /* WeiboFilters.h in Headers */,
				A3B6087E128700970085ECB1 /* AppGrowl.h in Headers */,
				A33380481298E1E00033FCCF /* ImagePanelController.h in Headers */,
				A35FAB38129EA4E400225E3B /* SS_PreferencePaneProtocol.h in Headers */,
				A35FAB39129EA4E400225E3B /* SS_PrefsController.h in Headers */,
				A31D7117129EBA0100385EEC /* GeneralPrefsPanel.h in Headers */,
				A31D711F129EBB5400385EEC /* AccountPrefsPanel.h in Headers */,
				A31D7137129EBF8900385EEC /* MenuController.h in Headers */,
				A3922BFF12AD55BD000F4480 /* AccountEditorController.h in Headers */,
				A35983FC12B0F598008E1C43 /* WeiboAccount.h in Headers */,
				A3A5ECF212B3A1F300024C50 /* AdvancedPrefsPanel.h in Headers */,
				A349695A12D9EFF300D7D1C9 /* ScrollOffset.h in Headers */,
				A349695E12D9F04900D7D1C9 /* PathItem.h in Headers */,
				A3E8F9ED12E5C7F600A19E26 /* KScroller.h in Headers */,
				A3E8FA5E12E5D79A00A19E26 /* MyScroller.h in Headers */,
				A326B04A12F6BB66007F0CE1 /* PathController.h in Headers */,
			);
			runOnlyForDeploymentPostprocessing = 0;
		};
/* End PBXHeadersBuildPhase section */

/* Begin PBXNativeTarget section */
		8D1107260486CEB800E47090 /* Bubble */ = {
			isa = PBXNativeTarget;
			buildConfigurationList = C01FCF4A08A954540054247B /* Build configuration list for PBXNativeTarget "Bubble" */;
			buildPhases = (
				8D1107290486CEB800E47090 /* Resources */,
				8D11072C0486CEB800E47090 /* Sources */,
				8D11072E0486CEB800E47090 /* Frameworks */,
				A3DEF79612744D1D00A4A922 /* Headers */,
				A3D89B3912745AF000B78216 /* CopyFiles */,
				A31D7252129EC8EC00385EEC /* CopyFiles */,
			);
			buildRules = (
			);
			dependencies = (
			);
			name = Bubble;
			productInstallPath = "$(HOME)/Applications";
			productName = Bubble;
			productReference = A3074B0212F8357D005CE745 /* Bubble.app */;
			productType = "com.apple.product-type.application";
		};
/* End PBXNativeTarget section */

/* Begin PBXProject section */
		29B97313FDCFA39411CA2CEA /* Project object */ = {
			isa = PBXProject;
			buildConfigurationList = C01FCF4E08A954540054247B /* Build configuration list for PBXProject "Bubble" */;
			compatibilityVersion = "Xcode 3.1";
			developmentRegion = English;
			hasScannedForEncodings = 1;
			knownRegions = (
				English,
				Japanese,
				French,
				German,
			);
			mainGroup = 29B97314FDCFA39411CA2CEA /* Bubble */;
			projectDirPath = "";
			projectRoot = "";
			targets = (
				8D1107260486CEB800E47090 /* Bubble */,
			);
		};
/* End PBXProject section */

/* Begin PBXResourcesBuildPhase section */
		8D1107290486CEB800E47090 /* Resources */ = {
			isa = PBXResourcesBuildPhase;
			buildActionMask = 2147483647;
			files = (
				A3E38322128719AE00B4C695 /* Growl Registration Ticket.growlRegDict in Resources */,
				A354C2731249D1FD0055FB8F /* Bubble-Info.plist in Resources */,
				A354C30A1249D86C0055FB8F /* InfoPlist.strings in Resources */,
				A354C30B1249D86C0055FB8F /* MainMenu.xib in Resources */,
				A3592138124A00F400DC2622 /* Compose.xib in Resources */,
				A3592139124A00F400DC2622 /* LoginWindow.xib in Resources */,
				A359213A124A00F400DC2622 /* MainWindow.xib in Resources */,
				A3005F0E124A2B75001CE9AC /* comments_down.png in Resources */,
				A3005F0F124A2B75001CE9AC /* comments.png in Resources */,
				A3005F10124A2B75001CE9AC /* compose.png in Resources */,
				A3005F11124A2B75001CE9AC /* direct_down.png in Resources */,
				A3005F12124A2B75001CE9AC /* direct.png in Resources */,
				A3005F15124A2B75001CE9AC /* geotag_down.png in Resources */,
				A3005F16124A2B75001CE9AC /* geotag.png in Resources */,
				A3005F17124A2B75001CE9AC /* home_down.png in Resources */,
				A3005F18124A2B75001CE9AC /* home.png in Resources */,
				A3005F1E124A2B75001CE9AC /* shrink.png in Resources */,
				A3005F1F124A2B75001CE9AC /* star_down.png in Resources */,
				A3005F20124A2B75001CE9AC /* star.png in Resources */,
				A3005F23124A2D0F001CE9AC /* mentions_down.png in Resources */,
				A3005F24124A2D0F001CE9AC /* mentions.png in Resources */,
				A3CF45D11252F44B0074E6E3 /* friends_down.png in Resources */,
				A3CF45D21252F44B0074E6E3 /* friends.png in Resources */,
				A3CF460E1252F96B0074E6E3 /* user_down.png in Resources */,
				A3CF460F1252F96B0074E6E3 /* user.png in Resources */,
				A3CAD21D12598AD9004D6ED0 /* themes in Resources */,
				A3C954E7125AE8EC005261B2 /* UserDefaults.plist in Resources */,
				A3D89AFA12745A6E00B78216 /* MGTemplateEngine README.txt in Resources */,
				A3D89B0C12745A6E00B78216 /* sample_template.txt in Resources */,
				A3D89B0D12745A6E00B78216 /* Source Code License.rtf in Resources */,
				A3D89B0E12745A6E00B78216 /* TemplateEngine-Info.plist in Resources */,
				A3D89B0F12745A6E00B78216 /* Writing Filters.txt in Resources */,
				A3D89B1012745A6E00B78216 /* Writing Markers.txt in Resources */,
				A3D89B1112745A6E00B78216 /* Writing Matchers.txt in Resources */,
				A3DA423E128EE0B400F3497F /* bubble.icns in Resources */,
				A3E98B251291600800D01F98 /* status_alert_icon.png in Resources */,
				A3E98B261291600800D01F98 /* status_icon.png in Resources */,
				A333804C1298E2780033FCCF /* ImagePanel.xib in Resources */,
				A31D711B129EBB3000385EEC /* Accounts.tiff in Resources */,
				A31D711C129EBB3000385EEC /* generalPrefs.tiff in Resources */,
				A3922C0212AD55CB000F4480 /* AccountEditor.xib in Resources */,
				A3922C4212AD594F000F4480 /* AccountPrefsView.xib in Resources */,
				A3922C4312AD595A000F4480 /* GeneralPrefsView.xib in Resources */,
				A3D97F4912B3513C0059C0D2 /* SmallBlueDot.psd in Resources */,
				A3A5ECF712B3A4CC00024C50 /* AdvancedPrefsView.xib in Resources */,
				A35280B912E1514700FE1BBE /* dot.png in Resources */,
			);
			runOnlyForDeploymentPostprocessing = 0;
		};
/* End PBXResourcesBuildPhase section */

/* Begin PBXSourcesBuildPhase section */
		8D11072C0486CEB800E47090 /* Sources */ = {
			isa = PBXSourcesBuildPhase;
			buildActionMask = 2147483647;
			files = (
				8D11072D0486CEB800E47090 /* main.m in Sources */,
				A354C0171249CC810055FB8F /* NSDataAdditions.m in Sources */,
				A354C0181249CC810055FB8F /* NSStringAdditions.m in Sources */,
				A354C0191249CC810055FB8F /* NSURLAdditions.m in Sources */,
				A354C01A1249CC810055FB8F /* ComposeController.m in Sources */,
				A354C01B1249CC810055FB8F /* HTMLController.m in Sources */,
				A354C01C1249CC810055FB8F /* LoginWindowController.m in Sources */,
				A354C01D1249CC810055FB8F /* MainWindowController.m in Sources */,
				A354C01E1249CC810055FB8F /* NSObject+SBJSON.m in Sources */,
				A354C01F1249CC810055FB8F /* NSString+SBJSON.m in Sources */,
				A354C0201249CC810055FB8F /* SBJsonBase.m in Sources */,
				A354C0211249CC810055FB8F /* SBJsonParser.m in Sources */,
				A354C0221249CC810055FB8F /* SBJsonWriter.m in Sources */,
				A354C0231249CC810055FB8F /* WeiboConnector.m in Sources */,
				A354C0241249CC810055FB8F /* AccountController.m in Sources */,
				A354C0261249CC810055FB8F /* WeiboURLConnection.m in Sources */,
				A354C0851249D1840055FB8F /* AppDelegate.m in Sources */,
				A3C8F2F0124C33A200BA074C /* WeiboCache.m in Sources */,
				A3C603A312543B5F00049FC9 /* WeiboTimeline.m in Sources */,
				A3C686A5125500AA00CABC1A /* NSDateAdditions.m in Sources */,
				A3DC6F1E126F48EC00C9FBF7 /* AppURLHandler.m in Sources */,
				A34E48501271D2B9000B2B5D /* AIURLAdditions.m in Sources */,
				A3D89AF612745A6E00B78216 /* AppController.m in Sources */,
				A3D89AF912745A6E00B78216 /* ICUTemplateMatcher.m in Sources */,
				A3D89AFC12745A6E00B78216 /* MGTemplateEngine.m in Sources */,
				A3D89B0112745A6E00B78216 /* MGTemplateStandardFilters.m in Sources */,
				A3D89B0312745A6E00B78216 /* MGTemplateStandardMarkers.m in Sources */,
				A3D89B0512745A6E00B78216 /* NSArray_DeepMutableCopy.m in Sources */,
				A3D89B0712745A6E00B78216 /* NSDictionary_DeepMutableCopy.m in Sources */,
				A3D89B0912745A6E00B78216 /* RegexKitLite.m in Sources */,
				A3D89B0B12745A6E00B78216 /* RegexKitTemplateMatcher.m in Sources */,
				A34D033E1275BC7300CA1996 /* TemplateEngine.m in Sources */,
				A316D5B512786E3600A3D987 /* NSWindowAdditions.m in Sources */,
				A3C24B82127DA8A600D9E39D /* WeiboFilters.m in Sources */,
				A3B6087F128700970085ECB1 /* AppGrowl.m in Sources */,
				A33380491298E1E00033FCCF /* ImagePanelController.m in Sources */,
				A35FAB3A129EA4E400225E3B /* SS_PrefsController.m in Sources */,
				A31D7138129EBF8900385EEC /* MenuController.m in Sources */,
				A3922C0012AD55BD000F4480 /* AccountEditorController.m in Sources */,
				A3922C4412AD5968000F4480 /* GeneralPrefsPanel.m in Sources */,
				A3922C4512AD5973000F4480 /* AccountPrefsPanel.m in Sources */,
				A35983FD12B0F598008E1C43 /* WeiboAccount.m in Sources */,
				A3A5ECF312B3A1F300024C50 /* AdvancedPrefsPanel.m in Sources */,
				A349695B12D9EFF300D7D1C9 /* ScrollOffset.m in Sources */,
				A349695F12D9F04900D7D1C9 /* PathItem.m in Sources */,
				A3E8F9EE12E5C7F600A19E26 /* KScroller.m in Sources */,
				A3E8FA5F12E5D79A00A19E26 /* MyScroller.m in Sources */,
				A326B04B12F6BB66007F0CE1 /* PathController.m in Sources */,
			);
			runOnlyForDeploymentPostprocessing = 0;
		};
/* End PBXSourcesBuildPhase section */

/* Begin PBXVariantGroup section */
		A354C2DA1249D86C0055FB8F /* InfoPlist.strings */ = {
			isa = PBXVariantGroup;
			children = (
				A354C2DB1249D86C0055FB8F /* English */,
			);
			name = InfoPlist.strings;
			sourceTree = "<group>";
		};
		A354C2DC1249D86C0055FB8F /* MainMenu.xib */ = {
			isa = PBXVariantGroup;
			children = (
				A354C2DD1249D86C0055FB8F /* English */,
			);
			name = MainMenu.xib;
			sourceTree = "<group>";
		};
/* End PBXVariantGroup section */

/* Begin XCBuildConfiguration section */
		C01FCF4B08A954540054247B /* Debug */ = {
			isa = XCBuildConfiguration;
			buildSettings = {
				ALWAYS_SEARCH_USER_PATHS = NO;
				COPY_PHASE_STRIP = NO;
				FRAMEWORK_SEARCH_PATHS = (
					"$(inherited)",
					"\"$(SRCROOT)/../templatekit/build/Release\"",
					"\"$(DEVELOPER_DIR)/Local/Frameworks\"",
					"\"$(SRCROOT)/../MGTemplateEngine/build/Release\"",
					"\"$(DEVELOPER_DIR)/Local/Frameworks/Growl/Frameworks\"",
				);
				GCC_DYNAMIC_NO_PIC = NO;
				GCC_ENABLE_FIX_AND_CONTINUE = YES;
				GCC_MODEL_TUNING = G5;
				GCC_OPTIMIZATION_LEVEL = 0;
				GCC_PRECOMPILE_PREFIX_HEADER = YES;
				GCC_PREFIX_HEADER = Bubble_Prefix.pch;
				INFOPLIST_FILE = "Bubble-Info.plist";
				INSTALL_PATH = "$(HOME)/Applications";
				PRODUCT_NAME = Bubble;
			};
			name = Debug;
		};
		C01FCF4C08A954540054247B /* Release */ = {
			isa = XCBuildConfiguration;
			buildSettings = {
				ALWAYS_SEARCH_USER_PATHS = NO;
				DEBUG_INFORMATION_FORMAT = "dwarf-with-dsym";
				FRAMEWORK_SEARCH_PATHS = (
					"$(inherited)",
					"\"$(SRCROOT)/../templatekit/build/Release\"",
					"\"$(DEVELOPER_DIR)/Local/Frameworks\"",
					"\"$(SRCROOT)/../MGTemplateEngine/build/Release\"",
					"\"$(DEVELOPER_DIR)/Local/Frameworks/Growl/Frameworks\"",
				);
				GCC_MODEL_TUNING = G5;
				GCC_PRECOMPILE_PREFIX_HEADER = YES;
				GCC_PREFIX_HEADER = Bubble_Prefix.pch;
				INFOPLIST_FILE = "Bubble-Info.plist";
				INSTALL_PATH = "$(HOME)/Applications";
				PRODUCT_NAME = Bubble;
			};
			name = Release;
		};
		C01FCF4F08A954540054247B /* Debug */ = {
			isa = XCBuildConfiguration;
			buildSettings = {
				ARCHS = "$(ARCHS_STANDARD_32_64_BIT)";
				GCC_C_LANGUAGE_STANDARD = gnu99;
				GCC_OPTIMIZATION_LEVEL = 0;
				GCC_WARN_ABOUT_RETURN_TYPE = YES;
				GCC_WARN_UNUSED_VARIABLE = YES;
				ONLY_ACTIVE_ARCH = YES;
				OTHER_LDFLAGS = "-licucore";
				PREBINDING = NO;
				SDKROOT = macosx10.6;
			};
			name = Debug;
		};
		C01FCF5008A954540054247B /* Release */ = {
			isa = XCBuildConfiguration;
			buildSettings = {
				ARCHS = "$(ARCHS_STANDARD_32_64_BIT)";
				GCC_C_LANGUAGE_STANDARD = gnu99;
				GCC_OPTIMIZATION_LEVEL = 0;
				GCC_WARN_ABOUT_RETURN_TYPE = YES;
				GCC_WARN_UNUSED_VARIABLE = YES;
				OTHER_LDFLAGS = "-licucore";
				PREBINDING = NO;
				SDKROOT = macosx10.6;
			};
			name = Release;
		};
/* End XCBuildConfiguration section */

/* Begin XCConfigurationList section */
		C01FCF4A08A954540054247B /* Build configuration list for PBXNativeTarget "Bubble" */ = {
			isa = XCConfigurationList;
			buildConfigurations = (
				C01FCF4B08A954540054247B /* Debug */,
				C01FCF4C08A954540054247B /* Release */,
			);
			defaultConfigurationIsVisible = 0;
			defaultConfigurationName = Release;
		};
		C01FCF4E08A954540054247B /* Build configuration list for PBXProject "Bubble" */ = {
			isa = XCConfigurationList;
			buildConfigurations = (
				C01FCF4F08A954540054247B /* Debug */,
				C01FCF5008A954540054247B /* Release */,
			);
			defaultConfigurationIsVisible = 0;
			defaultConfigurationName = Release;
		};
/* End XCConfigurationList section */
	};
	rootObject = 29B97313FDCFA39411CA2CEA /* Project object */;
}
